
Microsoft Visual Studio Solution File, Format Version 12.00
# Visual Studio Version 17
VisualStudioVersion = 17.14.36603.0 d17.14
MinimumVisualStudioVersion = 10.0.40219.1
Project("{FAE04EC0-301F-11D3-BF4B-00C04F79EFBC}") = "4.6_fajri riqza m_xpplg1", "4.6_fajri riqza m_xpplg1\4.6_fajri riqza m_xpplg1.csproj", "{A3CE07BB-4E98-4CAD-ABA4-AAC24DDB51BC}"
EndProject
Global
	GlobalSection(SolutionConfigurationPlatforms) = preSolution
		Debug|Any CPU = Debug|Any CPU
		Release|Any CPU = Release|Any CPU
	EndGlobalSection
	GlobalSection(ProjectConfigurationPlatforms) = postSolution
		{A3CE07BB-4E98-4CAD-ABA4-AAC24DDB51BC}.Debug|Any CPU.ActiveCfg = Debug|Any CPU
		{A3CE07BB-4E98-4CAD-ABA4-AAC24DDB51BC}.Debug|Any CPU.Build.0 = Debug|Any CPU
		{A3CE07BB-4E98-4CAD-ABA4-AAC24DDB51BC}.Release|Any CPU.ActiveCfg = Release|Any CPU
		{A3CE07BB-4E98-4CAD-ABA4-AAC24DDB51BC}.Release|Any CPU.Build.0 = Release|Any CPU
	EndGlobalSection
	GlobalSection(SolutionProperties) = preSolution
		HideSolutionNode = FALSE
	EndGlobalSection
	GlobalSection(ExtensibilityGlobals) = postSolution
		SolutionGuid = {F96AA4FC-938B-4025-BAA8-919FA1BF47E1}
	EndGlobalSection
EndGlobal
