
Microsoft Visual Studio Solution File, Format Version 12.00
# Visual Studio Version 17
VisualStudioVersion = 17.14.36603.0 d17.14
MinimumVisualStudioVersion = 10.0.40219.1
Project("{FAE04EC0-301F-11D3-BF4B-00C04F79EFBC}") = "4.2_fajririqza m_xpplg1", "4.2_fajririqza m_xpplg1\4.2_fajririqza m_xpplg1.csproj", "{56FBD6C7-B8E1-4BF0-B50B-5DFD3C28D33A}"
EndProject
Global
	GlobalSection(SolutionConfigurationPlatforms) = preSolution
		Debug|Any CPU = Debug|Any CPU
		Release|Any CPU = Release|Any CPU
	EndGlobalSection
	GlobalSection(ProjectConfigurationPlatforms) = postSolution
		{56FBD6C7-B8E1-4BF0-B50B-5DFD3C28D33A}.Debug|Any CPU.ActiveCfg = Debug|Any CPU
		{56FBD6C7-B8E1-4BF0-B50B-5DFD3C28D33A}.Debug|Any CPU.Build.0 = Debug|Any CPU
		{56FBD6C7-B8E1-4BF0-B50B-5DFD3C28D33A}.Release|Any CPU.ActiveCfg = Release|Any CPU
		{56FBD6C7-B8E1-4BF0-B50B-5DFD3C28D33A}.Release|Any CPU.Build.0 = Release|Any CPU
	EndGlobalSection
	GlobalSection(SolutionProperties) = preSolution
		HideSolutionNode = FALSE
	EndGlobalSection
	GlobalSection(ExtensibilityGlobals) = postSolution
		SolutionGuid = {9EE6E688-18C6-42C9-BD47-E49FA7AEBC59}
	EndGlobalSection
EndGlobal
