
Microsoft Visual Studio Solution File, Format Version 12.00
# Visual Studio Version 17
VisualStudioVersion = 17.14.36603.0 d17.14
MinimumVisualStudioVersion = 10.0.40219.1
Project("{FAE04EC0-301F-11D3-BF4B-00C04F79EFBC}") = "Praktik.7.3_FajriRiqzaMustofa_xpplg1", "Praktik.7.3_FajriRiqzaMustofa_xpplg1\Praktik.7.3_FajriRiqzaMustofa_xpplg1.csproj", "{8C74A21A-F7A5-407C-8CA1-55F5307E0F7C}"
EndProject
Global
	GlobalSection(SolutionConfigurationPlatforms) = preSolution
		Debug|Any CPU = Debug|Any CPU
		Release|Any CPU = Release|Any CPU
	EndGlobalSection
	GlobalSection(ProjectConfigurationPlatforms) = postSolution
		{8C74A21A-F7A5-407C-8CA1-55F5307E0F7C}.Debug|Any CPU.ActiveCfg = Debug|Any CPU
		{8C74A21A-F7A5-407C-8CA1-55F5307E0F7C}.Debug|Any CPU.Build.0 = Debug|Any CPU
		{8C74A21A-F7A5-407C-8CA1-55F5307E0F7C}.Release|Any CPU.ActiveCfg = Release|Any CPU
		{8C74A21A-F7A5-407C-8CA1-55F5307E0F7C}.Release|Any CPU.Build.0 = Release|Any CPU
	EndGlobalSection
	GlobalSection(SolutionProperties) = preSolution
		HideSolutionNode = FALSE
	EndGlobalSection
	GlobalSection(ExtensibilityGlobals) = postSolution
		SolutionGuid = {1A05F8AA-9D5F-4EE3-A256-ED41217C6CAA}
	EndGlobalSection
EndGlobal
